
Microsoft Visual Studio Solution File, Format Version 12.00
# Visual Studio Version 17
VisualStudioVersion = 17.10.34928.147
MinimumVisualStudioVersion = 10.0.40219.1
Project("{FAE04EC0-301F-11D3-BF4B-00C04F79EFBC}") = "Projec2", "Projec2\Projec2.csproj", "{E932F183-9030-4E5F-B702-8A92A57DF412}"
EndProject
Project("{FAE04EC0-301F-11D3-BF4B-00C04F79EFBC}") = "Ev.Lib", "Ev.Lib\Ev.Lib.csproj", "{72275BF4-9183-412C-9C3B-AFB1A005BFE5}"
EndProject
Global
	GlobalSection(SolutionConfigurationPlatforms) = preSolution
		Debug|Any CPU = Debug|Any CPU
		Release|Any CPU = Release|Any CPU
	EndGlobalSection
	GlobalSection(ProjectConfigurationPlatforms) = postSolution
		{E932F183-9030-4E5F-B702-8A92A57DF412}.Debug|Any CPU.ActiveCfg = Debug|Any CPU
		{E932F183-9030-4E5F-B702-8A92A57DF412}.Debug|Any CPU.Build.0 = Debug|Any CPU
		{E932F183-9030-4E5F-B702-8A92A57DF412}.Release|Any CPU.ActiveCfg = Release|Any CPU
		{E932F183-9030-4E5F-B702-8A92A57DF412}.Release|Any CPU.Build.0 = Release|Any CPU
		{72275BF4-9183-412C-9C3B-AFB1A005BFE5}.Debug|Any CPU.ActiveCfg = Debug|Any CPU
		{72275BF4-9183-412C-9C3B-AFB1A005BFE5}.Debug|Any CPU.Build.0 = Debug|Any CPU
		{72275BF4-9183-412C-9C3B-AFB1A005BFE5}.Release|Any CPU.ActiveCfg = Release|Any CPU
		{72275BF4-9183-412C-9C3B-AFB1A005BFE5}.Release|Any CPU.Build.0 = Release|Any CPU
	EndGlobalSection
	GlobalSection(SolutionProperties) = preSolution
		HideSolutionNode = FALSE
	EndGlobalSection
	GlobalSection(ExtensibilityGlobals) = postSolution
		SolutionGuid = {20A1AC65-221F-4C0B-AF6E-CCB4F7A155BD}
	EndGlobalSection
EndGlobal
